
Microsoft Visual Studio Solution File, Format Version 12.00
# Visual Studio Version 17
VisualStudioVersion = 17.11.35327.3
MinimumVisualStudioVersion = 10.0.40219.1
Project("{9A19103F-16F7-4668-BE54-9A1E7A4F7556}") = "PixelSorter", "PixelSorter.csproj", "{13523C0F-8143-4ED3-A54B-CA4AFAD88B01}"
EndProject
Project("{FAE04EC0-301F-11D3-BF4B-00C04F79EFBC}") = "PixelSorter_Console", "..\PixelSorter_Console\PixelSorter_Console.csproj", "{B91DF52E-3211-49B6-BB89-C1FFCD10EF66}"
EndProject
Global
	GlobalSection(SolutionConfigurationPlatforms) = preSolution
		Debug|Any CPU = Debug|Any CPU
		Release|Any CPU = Release|Any CPU
	EndGlobalSection
	GlobalSection(ProjectConfigurationPlatforms) = postSolution
		{13523C0F-8143-4ED3-A54B-CA4AFAD88B01}.Debug|Any CPU.ActiveCfg = Debug|Any CPU
		{13523C0F-8143-4ED3-A54B-CA4AFAD88B01}.Debug|Any CPU.Build.0 = Debug|Any CPU
		{13523C0F-8143-4ED3-A54B-CA4AFAD88B01}.Release|Any CPU.ActiveCfg = Release|Any CPU
		{13523C0F-8143-4ED3-A54B-CA4AFAD88B01}.Release|Any CPU.Build.0 = Release|Any CPU
		{B91DF52E-3211-49B6-BB89-C1FFCD10EF66}.Debug|Any CPU.ActiveCfg = Debug|Any CPU
		{B91DF52E-3211-49B6-BB89-C1FFCD10EF66}.Debug|Any CPU.Build.0 = Debug|Any CPU
		{B91DF52E-3211-49B6-BB89-C1FFCD10EF66}.Release|Any CPU.ActiveCfg = Release|Any CPU
		{B91DF52E-3211-49B6-BB89-C1FFCD10EF66}.Release|Any CPU.Build.0 = Release|Any CPU
	EndGlobalSection
	GlobalSection(SolutionProperties) = preSolution
		HideSolutionNode = FALSE
	EndGlobalSection
	GlobalSection(ExtensibilityGlobals) = postSolution
		SolutionGuid = {77EC4333-3076-4BBB-8D93-B6FC6F154FCF}
	EndGlobalSection
EndGlobal
